
Microsoft Visual Studio Solution File, Format Version 12.00
# Visual Studio Version 17
VisualStudioVersion = 17.8.34330.188
MinimumVisualStudioVersion = 10.0.40219.1
Project("{FAE04EC0-301F-11D3-BF4B-00C04F79EFBC}") = "Vilau_Paula_Lab10", "Vilau_Paula_Lab10.csproj", "{EFC32FCA-2FCB-460F-958A-2AC2A0D227A7}"
EndProject
Project("{FAE04EC0-301F-11D3-BF4B-00C04F79EFBC}") = "cRPCClient", "..\cRPCClient\cRPCClient.csproj", "{FB55F3F4-0351-4D43-9087-7588FBA9712E}"
EndProject
Global
	GlobalSection(SolutionConfigurationPlatforms) = preSolution
		Debug|Any CPU = Debug|Any CPU
		Release|Any CPU = Release|Any CPU
	EndGlobalSection
	GlobalSection(ProjectConfigurationPlatforms) = postSolution
		{EFC32FCA-2FCB-460F-958A-2AC2A0D227A7}.Debug|Any CPU.ActiveCfg = Debug|Any CPU
		{EFC32FCA-2FCB-460F-958A-2AC2A0D227A7}.Debug|Any CPU.Build.0 = Debug|Any CPU
		{EFC32FCA-2FCB-460F-958A-2AC2A0D227A7}.Release|Any CPU.ActiveCfg = Release|Any CPU
		{EFC32FCA-2FCB-460F-958A-2AC2A0D227A7}.Release|Any CPU.Build.0 = Release|Any CPU
		{FB55F3F4-0351-4D43-9087-7588FBA9712E}.Debug|Any CPU.ActiveCfg = Debug|Any CPU
		{FB55F3F4-0351-4D43-9087-7588FBA9712E}.Debug|Any CPU.Build.0 = Debug|Any CPU
		{FB55F3F4-0351-4D43-9087-7588FBA9712E}.Release|Any CPU.ActiveCfg = Release|Any CPU
		{FB55F3F4-0351-4D43-9087-7588FBA9712E}.Release|Any CPU.Build.0 = Release|Any CPU
	EndGlobalSection
	GlobalSection(SolutionProperties) = preSolution
		HideSolutionNode = FALSE
	EndGlobalSection
	GlobalSection(ExtensibilityGlobals) = postSolution
		SolutionGuid = {B4A4AFA9-1CF3-4683-B156-FB42EF35E87E}
	EndGlobalSection
EndGlobal
