
Microsoft Visual Studio Solution File, Format Version 12.00
# Visual Studio Version 17
VisualStudioVersion = 17.8.34330.188
MinimumVisualStudioVersion = 10.0.40219.1
Project("{9A19103F-16F7-4668-BE54-9A1E7A4F7556}") = "cRPCClient", "cRPCClient\cRPCClient.csproj", "{49166BEF-7BBB-48AA-8AB1-6F2706FC9275}"
EndProject
Project("{9A19103F-16F7-4668-BE54-9A1E7A4F7556}") = "Vilau_Paula_Lab10", "Vilau_Paula_Lab10\Vilau_Paula_Lab10.csproj", "{973DF7FE-6A01-4285-A134-2F886962B7E6}"
EndProject
Global
	GlobalSection(SolutionConfigurationPlatforms) = preSolution
		Debug|Any CPU = Debug|Any CPU
		Release|Any CPU = Release|Any CPU
	EndGlobalSection
	GlobalSection(ProjectConfigurationPlatforms) = postSolution
		{49166BEF-7BBB-48AA-8AB1-6F2706FC9275}.Debug|Any CPU.ActiveCfg = Debug|Any CPU
		{49166BEF-7BBB-48AA-8AB1-6F2706FC9275}.Debug|Any CPU.Build.0 = Debug|Any CPU
		{49166BEF-7BBB-48AA-8AB1-6F2706FC9275}.Release|Any CPU.ActiveCfg = Release|Any CPU
		{49166BEF-7BBB-48AA-8AB1-6F2706FC9275}.Release|Any CPU.Build.0 = Release|Any CPU
		{973DF7FE-6A01-4285-A134-2F886962B7E6}.Debug|Any CPU.ActiveCfg = Debug|Any CPU
		{973DF7FE-6A01-4285-A134-2F886962B7E6}.Debug|Any CPU.Build.0 = Debug|Any CPU
		{973DF7FE-6A01-4285-A134-2F886962B7E6}.Release|Any CPU.ActiveCfg = Release|Any CPU
		{973DF7FE-6A01-4285-A134-2F886962B7E6}.Release|Any CPU.Build.0 = Release|Any CPU
	EndGlobalSection
	GlobalSection(SolutionProperties) = preSolution
		HideSolutionNode = FALSE
	EndGlobalSection
	GlobalSection(ExtensibilityGlobals) = postSolution
		SolutionGuid = {B4A4AFA9-1CF3-4683-B156-FB42EF35E87E}
	EndGlobalSection
EndGlobal
